# THIS IS AN AUTOGENERATED FILE. DO NOT EDIT THIS FILE DIRECTLY.
# yarn lockfile v1


"@pixi/accessibility@6.2.0":
  "integrity" "sha512-eih01Q8E+aI78ggJ/ONVPN6yK9L/P2XWu2DUJghhGlAaQ1vjlvZzGY2bfuZPwR2Dmake72qEoQY6hEGASjjV+w=="
  "resolved" "https://registry.npmjs.org/@pixi/accessibility/-/accessibility-6.2.0.tgz"
  "version" "6.2.0"

"@pixi/app@6.2.0":
  "integrity" "sha512-X/VVB/Lk0VMXsdw+A15UIG8JlVU+yREWW2TSzto+ub0l3RjrphiHULhGUYE4/hbNC5RQzHC8j+lw3sBXItx1EQ=="
  "resolved" "https://registry.npmjs.org/@pixi/app/-/app-6.2.0.tgz"
  "version" "6.2.0"

"@pixi/compressed-textures@6.2.0":
  "integrity" "sha512-NS6tCczzqFWEjah4+MO7t3mzXT1e3IlAHG1Ex4BeuDe296QIIaNhPAqcZPTZI3LlQpmnCw5V9g+yAQwRcF5g8w=="
  "resolved" "https://registry.npmjs.org/@pixi/compressed-textures/-/compressed-textures-6.2.0.tgz"
  "version" "6.2.0"

"@pixi/constants@6.2.0":
  "integrity" "sha512-8WzYWtx3Q/UnH4WQIF6iDHLh9N2Lh0pU2jFluRehaXWtVmvfF5pB8XYFB5wllVNBKoeyfymk0g5G6y84dZ43Pw=="
  "resolved" "https://registry.npmjs.org/@pixi/constants/-/constants-6.2.0.tgz"
  "version" "6.2.0"

"@pixi/core@6.2.0":
  "integrity" "sha512-RpPW5LPRoTl6bB27AGXxzJeq2KksRC0lp8C40l8F1+nJUj7AUJILOAvn9KLEmCFSUuIIp4sOcD66y5iFynfmvQ=="
  "resolved" "https://registry.npmjs.org/@pixi/core/-/core-6.2.0.tgz"
  "version" "6.2.0"

"@pixi/display@6.2.0":
  "integrity" "sha512-uEphbxCvr9jnWD+0zStwUn8xQlMqA3wrhm4+xsUWJmQZkS1yV5dWwtFth5bbP3lAcP2/CpK9tUF/ScnLbys7NQ=="
  "resolved" "https://registry.npmjs.org/@pixi/display/-/display-6.2.0.tgz"
  "version" "6.2.0"

"@pixi/extract@6.2.0":
  "integrity" "sha512-f6jcHSwqRpEIf3to39PRJPWlJiMzUHC6SFGfS12VBwxv0/TGE9HyMEGs04XsihPDFBFs7b4+GaR4kEKUUfzWCw=="
  "resolved" "https://registry.npmjs.org/@pixi/extract/-/extract-6.2.0.tgz"
  "version" "6.2.0"

"@pixi/filter-alpha@6.2.0":
  "integrity" "sha512-E7imqhvWDffYoMnSB/4fskWywnnq3oVtReIgjTOYnT2+o89Mu6th8do/c8aaYKF/e+0Y95UkeIKiv2TjtPpV/Q=="
  "resolved" "https://registry.npmjs.org/@pixi/filter-alpha/-/filter-alpha-6.2.0.tgz"
  "version" "6.2.0"

"@pixi/filter-blur@6.2.0":
  "integrity" "sha512-MEq1gklzaW4bl1HQDlwd4Vss4bQXPg+/L3dgwMfeoHsj+6CT30V5HoOXOUYK/EeYNBBg5ViLjVqnK6PadjWyOQ=="
  "resolved" "https://registry.npmjs.org/@pixi/filter-blur/-/filter-blur-6.2.0.tgz"
  "version" "6.2.0"

"@pixi/filter-color-matrix@6.2.0":
  "integrity" "sha512-sJ9zELuz6MuPllZw3E/4+csT4kzzcw3EMFkFiJyYYndqJhRP+fc6iRTgnmYrmhDtBcqxfS/HAcrqUUgELlKbAA=="
  "resolved" "https://registry.npmjs.org/@pixi/filter-color-matrix/-/filter-color-matrix-6.2.0.tgz"
  "version" "6.2.0"

"@pixi/filter-displacement@6.2.0":
  "integrity" "sha512-vL/ErS6EjMiEcqkTd93CE8kfjCZXSCktYaAmaeDZ/oPB18ldEqJ/oK18fOuzTC6RhJAfhOpw2xT0cDv+CT11XQ=="
  "resolved" "https://registry.npmjs.org/@pixi/filter-displacement/-/filter-displacement-6.2.0.tgz"
  "version" "6.2.0"

"@pixi/filter-fxaa@6.2.0":
  "integrity" "sha512-S0cxGIlhJUMnSeODugz8gDwRamBBHjnEwRrKjJVllCxQGPYGAEcIKRpK+Ewv9+JuxezzW06MZIQ8SdyXanh/Cw=="
  "resolved" "https://registry.npmjs.org/@pixi/filter-fxaa/-/filter-fxaa-6.2.0.tgz"
  "version" "6.2.0"

"@pixi/filter-noise@6.2.0":
  "integrity" "sha512-+vsUXgeZtPympkg2Qw9zFGraWJzLH63MhieveiX78qJi0BAqmUObjsil8hO2wTSnU+nfFEoPKRJwCbRnNuNtbA=="
  "resolved" "https://registry.npmjs.org/@pixi/filter-noise/-/filter-noise-6.2.0.tgz"
  "version" "6.2.0"

"@pixi/graphics@6.2.0":
  "integrity" "sha512-VUh2o49FheH57U0G8cW371jpNy3JOxEQXy/DRCfm34hcRjlokOrdP/MtOibVruIOKVVZSGAb0ybsjF3N5ELIvg=="
  "resolved" "https://registry.npmjs.org/@pixi/graphics/-/graphics-6.2.0.tgz"
  "version" "6.2.0"

"@pixi/interaction@6.2.0":
  "integrity" "sha512-okuYrv7tqm9+Vb2N/+acKzR9nxQpuMoXAMTmm0rq53gTHCyliFds6lXRa8JHi3HufoAKhyHEP3QYrMgKRGvCiw=="
  "resolved" "https://registry.npmjs.org/@pixi/interaction/-/interaction-6.2.0.tgz"
  "version" "6.2.0"

"@pixi/loaders@6.2.0":
  "integrity" "sha512-fkEErikWslkFycTuUYOe84rLfVRGLVT4mXIpqjS1AWHa+Q0NjhmMoSsmZbmp1NHg/gGgnta0q5kZI23X2SNyVw=="
  "resolved" "https://registry.npmjs.org/@pixi/loaders/-/loaders-6.2.0.tgz"
  "version" "6.2.0"

"@pixi/math@6.2.0":
  "integrity" "sha512-S/whcwowZdK8X594ZDL0VNdPdzgNyb9cDhwDChhbRIKyVitxZcPPQZcBxDwWmaMyyqN6GKfIBX8wGVghVOI3lw=="
  "resolved" "https://registry.npmjs.org/@pixi/math/-/math-6.2.0.tgz"
  "version" "6.2.0"

"@pixi/mesh-extras@6.2.0":
  "integrity" "sha512-E3FUh6FLGOmcwkMxVt//R/eqNUIZj3Bi9X9d7+9FIxuMaGVi/LdQ2tAdDJkWDx4HwAtRLslIhymbsl0x6IzJDQ=="
  "resolved" "https://registry.npmjs.org/@pixi/mesh-extras/-/mesh-extras-6.2.0.tgz"
  "version" "6.2.0"

"@pixi/mesh@6.2.0":
  "integrity" "sha512-+2TM6OJdWcANH59Yl2kj+BAbYlglBIUMtUifs0clmRGqSQPsEiuHj3IFbxm89F4upfA5vIf/3GekRE/qLIhIxg=="
  "resolved" "https://registry.npmjs.org/@pixi/mesh/-/mesh-6.2.0.tgz"
  "version" "6.2.0"

"@pixi/mixin-cache-as-bitmap@6.2.0":
  "integrity" "sha512-QkX1LPu4WOiE7huNYUFKecUB66tQhcb2f4glJ0bbVNICodAkbz6HfnX1eDezx/6GYX4e01VNDwQ3TfQil+5r5w=="
  "resolved" "https://registry.npmjs.org/@pixi/mixin-cache-as-bitmap/-/mixin-cache-as-bitmap-6.2.0.tgz"
  "version" "6.2.0"

"@pixi/mixin-get-child-by-name@6.2.0":
  "integrity" "sha512-VCokQVg7Xh9QCUou553yfbu0FTi++E++7ByCUPqzTU1hR2VFQRmI8aIkrHNER+PolqnnrrCKFXR7bZW0RdHD+A=="
  "resolved" "https://registry.npmjs.org/@pixi/mixin-get-child-by-name/-/mixin-get-child-by-name-6.2.0.tgz"
  "version" "6.2.0"

"@pixi/mixin-get-global-position@6.2.0":
  "integrity" "sha512-yaoqbzFlfD3e7Kh20f9r21G2zZsw9oveGhLbUgFnBGpvjCHArcWOTCjHrXYy9pKGaFOh6hpJYWbhx/Lhg+YpcQ=="
  "resolved" "https://registry.npmjs.org/@pixi/mixin-get-global-position/-/mixin-get-global-position-6.2.0.tgz"
  "version" "6.2.0"

"@pixi/particle-container@6.2.0":
  "integrity" "sha512-DAYz3Mz20fl5firWS4aAFvZSZIQyS3z8Oq2kr/xHBQjtNiu8YBFNQWs/71pNG0Fg2dc/oIyy4aUIZCPLb54CSA=="
  "resolved" "https://registry.npmjs.org/@pixi/particle-container/-/particle-container-6.2.0.tgz"
  "version" "6.2.0"

"@pixi/polyfill@6.2.0":
  "integrity" "sha512-UrcH9YtPV/ZquxQd7KY+ITT1Ccf4KY8xcbq5Aa839TpcYflk3suftzn4cBuOhW6ycnSjQB+LU7VEP1f4Kr1qpA=="
  "resolved" "https://registry.npmjs.org/@pixi/polyfill/-/polyfill-6.2.0.tgz"
  "version" "6.2.0"
  dependencies:
    "object-assign" "^4.1.1"
    "promise-polyfill" "^8.2.0"

"@pixi/prepare@6.2.0":
  "integrity" "sha512-tiO4EGbvWpLQ+xOIVTW5QBMYMa/9hhP/nghLqGA67m2ZFzD/f8KEWBZQZeUIMWuQ7XRwpNziBlFmsSSlqKk+/Q=="
  "resolved" "https://registry.npmjs.org/@pixi/prepare/-/prepare-6.2.0.tgz"
  "version" "6.2.0"

"@pixi/runner@6.2.0":
  "integrity" "sha512-+tgO9IO+dMZhiok36AfzUWbEqhU6U+CxjF6n/iWCXElkAwj06gNXNyR7Ryib7V8NBd5opzP7XOxjZR/8A376DA=="
  "resolved" "https://registry.npmjs.org/@pixi/runner/-/runner-6.2.0.tgz"
  "version" "6.2.0"

"@pixi/settings@6.2.0":
  "integrity" "sha512-nOtaM/6P6uXVJm5b4UWH41rm31fL8gT12H1pbf2qOTxqorSG/WGfXyLkSC/y8MvEMlEKJoej1S2HZKPQ/SwhZA=="
  "resolved" "https://registry.npmjs.org/@pixi/settings/-/settings-6.2.0.tgz"
  "version" "6.2.0"
  dependencies:
    "ismobilejs" "^1.1.0"

"@pixi/sprite-animated@6.2.0":
  "integrity" "sha512-AcmKVzB/TXp0nyFUIoIweXMsLzd/6o6mtiy9M1f9tTd7eaIUgVwpLnsWM5rOahNpJaYq4S9Gnsy3cbGlljnRSw=="
  "resolved" "https://registry.npmjs.org/@pixi/sprite-animated/-/sprite-animated-6.2.0.tgz"
  "version" "6.2.0"

"@pixi/sprite-tiling@6.2.0":
  "integrity" "sha512-GPcAjKZrEYt572+GNjhYjCdNuxSP6STu4+LvPqMq/AiQfXWvJvSRUfCZDf+u1pc33CUFMoYUr1TKXWMqGymDtg=="
  "resolved" "https://registry.npmjs.org/@pixi/sprite-tiling/-/sprite-tiling-6.2.0.tgz"
  "version" "6.2.0"

"@pixi/sprite@6.2.0":
  "integrity" "sha512-yG4tBBuI008inlvlkn9IiglWddrSoL6ah2R6Jgd6jh2RaKPfrNdH0D8t/MzshnOh30JvGP6sVAXaLSX3mRBWaw=="
  "resolved" "https://registry.npmjs.org/@pixi/sprite/-/sprite-6.2.0.tgz"
  "version" "6.2.0"

"@pixi/spritesheet@6.2.0":
  "integrity" "sha512-wGXmo54qJO15/pd28FE6lMvfoJMIhi9nJ44AEtSmhGXqexs7T7NNzaEBZYFxyWTMFoEVJ1qxHUckOAnq12IXKg=="
  "resolved" "https://registry.npmjs.org/@pixi/spritesheet/-/spritesheet-6.2.0.tgz"
  "version" "6.2.0"

"@pixi/text-bitmap@6.2.0":
  "integrity" "sha512-H3GWWZ1WgwZ3JJn6RvtO4im5AQlfAN1zEHQyE66/adhte6HgzYrMvGgM5sug2f5ZFXl81O0vBddSakbg2myaXw=="
  "resolved" "https://registry.npmjs.org/@pixi/text-bitmap/-/text-bitmap-6.2.0.tgz"
  "version" "6.2.0"

"@pixi/text@6.2.0":
  "integrity" "sha512-iDrCWY0LuRtq8t0+PyH+xf74jW+lfVTRqqehOFFb0WJ9Ekdl7KpCeKXgPFVs8oer0bvxXKK2c00DPD8d1qq5uw=="
  "resolved" "https://registry.npmjs.org/@pixi/text/-/text-6.2.0.tgz"
  "version" "6.2.0"

"@pixi/ticker@6.2.0":
  "integrity" "sha512-6X4hP2hciTdF776qhii9yiYQev/ZTPjFvuwZSHow7l33se81ORF33HFpcLdgZ7qgBQtT10+tOx8Fr6Ihu6yeUQ=="
  "resolved" "https://registry.npmjs.org/@pixi/ticker/-/ticker-6.2.0.tgz"
  "version" "6.2.0"

"@pixi/utils@6.2.0":
  "integrity" "sha512-2WXNaeiDn/q64jJ7ZZUufL/vRfRVYrBJQuTk64sv8Ak1OxyTqwbfQQSfzGoyYpNZJdnAG5k8H+7u0GqJj9ts5Q=="
  "resolved" "https://registry.npmjs.org/@pixi/utils/-/utils-6.2.0.tgz"
  "version" "6.2.0"
  dependencies:
    "@types/earcut" "^2.1.0"
    "earcut" "^2.2.2"
    "eventemitter3" "^3.1.0"
    "url" "^0.11.0"

"@rollup/pluginutils@^4.1.1":
  "integrity" "sha512-clDjivHqWGXi7u+0d2r2sBi4Ie6VLEAzWMIkvJLnDmxoOhBYOTfzGbOQBA32THHm11/LiJbd01tJUpJsbshSWQ=="
  "resolved" "https://registry.npmjs.org/@rollup/pluginutils/-/pluginutils-4.1.1.tgz"
  "version" "4.1.1"
  dependencies:
    "estree-walker" "^2.0.1"
    "picomatch" "^2.2.2"

"@sveltejs/adapter-vercel@next":
  "integrity" "sha512-6QEwOEPXX36AmsveQFNwo+omluptsdnmXrISXc1ZNiT+rPaVHRXqp5aNPn9uB9SNKXnc1eEmmor5sIJFUqR10g=="
  "resolved" "https://registry.npmjs.org/@sveltejs/adapter-vercel/-/adapter-vercel-1.0.0-next.30.tgz"
  "version" "1.0.0-next.30"
  dependencies:
    "esbuild" "^0.13.3"

"@sveltejs/kit@next":
  "integrity" "sha512-SbqZqgtw1KnyV1CXqOLQUQTxOksONvNUGeyalAQem8XHPiV7iNslPhXbTBxHyBhD3rvY4Nzd1kPp9/zCVeWsog=="
  "resolved" "https://registry.npmjs.org/@sveltejs/kit/-/kit-1.0.0-next.180.tgz"
  "version" "1.0.0-next.180"
  dependencies:
    "@sveltejs/vite-plugin-svelte" "^1.0.0-next.26"
    "cheap-watch" "^1.0.4"
    "sade" "^1.7.4"
    "vite" "^2.6.3"

"@sveltejs/vite-plugin-svelte@^1.0.0-next.26":
  "integrity" "sha512-hiau09LA/5eGGFTxXtRPIxKmWw8By8t+Vw+uvgKYeUf+4zJLe/Q5yX3Przf2CmW0J6fPi4NWWIeYsLrOd78a2w=="
  "resolved" "https://registry.npmjs.org/@sveltejs/vite-plugin-svelte/-/vite-plugin-svelte-1.0.0-next.27.tgz"
  "version" "1.0.0-next.27"
  dependencies:
    "@rollup/pluginutils" "^4.1.1"
    "debug" "^4.3.2"
    "kleur" "^4.1.4"
    "magic-string" "^0.25.7"
    "require-relative" "^0.8.7"
    "svelte-hmr" "^0.14.7"

"@types/earcut@^2.1.0":
  "integrity" "sha512-w8oigUCDjElRHRRrMvn/spybSMyX8MTkKA5Dv+tS1IE/TgmNZPqUYtvYBXGY8cieSE66gm+szeK+bnbxC2xHTQ=="
  "resolved" "https://registry.npmjs.org/@types/earcut/-/earcut-2.1.1.tgz"
  "version" "2.1.1"

"@types/node@*":
  "integrity" "sha512-PYGcJHL9mwl1Ek3PLiYgyEKtwTMmkMw4vbiyz/ps3pfdRYLVv+SN7qHVAImrjdAXxgluDEw6Ph4lyv+m9UpRmA=="
  "resolved" "https://registry.npmjs.org/@types/node/-/node-16.11.1.tgz"
  "version" "16.11.1"

"@types/pug@^2.0.4":
  "integrity" "sha512-LOnASQoeNZMkzexRuyqcBBDZ6rS+rQxUMkmj5A0PkhhiSZivLIuz6Hxyr1mkGoEZEkk66faROmpMi4fFkrKsBA=="
  "resolved" "https://registry.npmjs.org/@types/pug/-/pug-2.0.5.tgz"
  "version" "2.0.5"

"@types/sass@^1.16.0":
  "integrity" "sha512-iZUcRrGuz/Tbg3loODpW7vrQJkUtpY2fFSf4ELqqkApcS2TkZ1msk7ie8iZPB86lDOP8QOTTmuvWjc5S0R9OjQ=="
  "resolved" "https://registry.npmjs.org/@types/sass/-/sass-1.16.1.tgz"
  "version" "1.16.1"
  dependencies:
    "@types/node" "*"

"balanced-match@^1.0.0":
  "integrity" "sha512-3oSeUO0TMV67hN1AmbXsK4yaqU7tjiHlbxRDZOpH0KW9+CeX4bRAaX0Anxt0tx2MrpRpWwQaPwIlISEJhYU5Pw=="
  "resolved" "https://registry.npmjs.org/balanced-match/-/balanced-match-1.0.2.tgz"
  "version" "1.0.2"

"brace-expansion@^1.1.7":
  "integrity" "sha512-iCuPHDFgrHX7H2vEI/5xpz07zSHB00TpugqhmYtVmMO6518mCuRMoOYFldEBl0g187ufozdaHgWKcYFb61qGiA=="
  "resolved" "https://registry.npmjs.org/brace-expansion/-/brace-expansion-1.1.11.tgz"
  "version" "1.1.11"
  dependencies:
    "balanced-match" "^1.0.0"
    "concat-map" "0.0.1"

"buffer-crc32@^0.2.5":
  "integrity" "sha1-DTM+PwDqxQqhRUq9MO+MKl2ackI="
  "resolved" "https://registry.npmjs.org/buffer-crc32/-/buffer-crc32-0.2.13.tgz"
  "version" "0.2.13"

"cheap-watch@^1.0.4":
  "integrity" "sha512-QR/9FrtRL5fjfUJBhAKCdi0lSRQ3rVRRum3GF9wDKp2TJbEIMGhUEr2yU8lORzm9Isdjx7/k9S0DFDx+z5VGtw=="
  "resolved" "https://registry.npmjs.org/cheap-watch/-/cheap-watch-1.0.4.tgz"
  "version" "1.0.4"

"concat-map@0.0.1":
  "integrity" "sha1-2Klr13/Wjfd5OnMDajug1UBdR3s="
  "resolved" "https://registry.npmjs.org/concat-map/-/concat-map-0.0.1.tgz"
  "version" "0.0.1"

"debug@^4.3.2":
  "integrity" "sha512-mOp8wKcvj7XxC78zLgw/ZA+6TSgkoE2C/ienthhRD298T7UNwAg9diBpLRxC0mOezLl4B0xV7M0cCO6P/O0Xhw=="
  "resolved" "https://registry.npmjs.org/debug/-/debug-4.3.2.tgz"
  "version" "4.3.2"
  dependencies:
    "ms" "2.1.2"

"detect-indent@^6.0.0":
  "integrity" "sha512-reYkTUJAZb9gUuZ2RvVCNhVHdg62RHnJ7WJl8ftMi4diZ6NWlciOzQN88pUhSELEwflJht4oQDv0F0BMlwaYtA=="
  "resolved" "https://registry.npmjs.org/detect-indent/-/detect-indent-6.1.0.tgz"
  "version" "6.1.0"

"earcut@^2.2.2":
  "integrity" "sha512-iRDI1QeCQIhMCZk48DRDMVgQSSBDmbzzNhnxIo+pwx3swkfjMh6vh0nWLq1NdvGHLKH6wIrAM3vQWeTj6qeoug=="
  "resolved" "https://registry.npmjs.org/earcut/-/earcut-2.2.3.tgz"
  "version" "2.2.3"

"es6-promise@^3.1.2":
  "integrity" "sha1-oIzd6EzNvzTQJ6FFG8kdS80ophM="
  "resolved" "https://registry.npmjs.org/es6-promise/-/es6-promise-3.3.1.tgz"
  "version" "3.3.1"

"esbuild-windows-64@0.13.4":
  "integrity" "sha512-uVL11vORRPjocGLYam67rwFLd0LvkrHEs+JG+1oJN4UD9MQmNGZPa4gBHo6hDpF+kqRJ9kXgQSeDqUyRy0tj/Q=="
  "resolved" "https://registry.npmjs.org/esbuild-windows-64/-/esbuild-windows-64-0.13.4.tgz"
  "version" "0.13.4"

"esbuild@^0.13.2", "esbuild@^0.13.3":
  "integrity" "sha512-wMA5eUwpavTBiNl+It6j8OQuKVh69l6z4DKDLzoTIqC+gChnPpcmqdA8WNHptUHRnfyML+mKEQPlW7Mybj8gHg=="
  "resolved" "https://registry.npmjs.org/esbuild/-/esbuild-0.13.4.tgz"
  "version" "0.13.4"
  optionalDependencies:
    "esbuild-android-arm64" "0.13.4"
    "esbuild-darwin-64" "0.13.4"
    "esbuild-darwin-arm64" "0.13.4"
    "esbuild-freebsd-64" "0.13.4"
    "esbuild-freebsd-arm64" "0.13.4"
    "esbuild-linux-32" "0.13.4"
    "esbuild-linux-64" "0.13.4"
    "esbuild-linux-arm" "0.13.4"
    "esbuild-linux-arm64" "0.13.4"
    "esbuild-linux-mips64le" "0.13.4"
    "esbuild-linux-ppc64le" "0.13.4"
    "esbuild-openbsd-64" "0.13.4"
    "esbuild-sunos-64" "0.13.4"
    "esbuild-windows-32" "0.13.4"
    "esbuild-windows-64" "0.13.4"
    "esbuild-windows-arm64" "0.13.4"

"estree-walker@^2.0.1":
  "integrity" "sha512-Rfkk/Mp/DL7JVje3u18FxFujQlTNR2q6QfMSMB7AvCBx91NGj/ba3kCfza0f6dVDbw7YlRf/nDrn7pQrCCyQ/w=="
  "resolved" "https://registry.npmjs.org/estree-walker/-/estree-walker-2.0.2.tgz"
  "version" "2.0.2"

"eventemitter3@^3.1.0":
  "integrity" "sha512-tvtQIeLVHjDkJYnzf2dgVMxfuSGJeM/7UCG17TT4EumTfNtF+0nebF/4zWOIkCreAbtNqhGEboB6BWrwqNaw4Q=="
  "resolved" "https://registry.npmjs.org/eventemitter3/-/eventemitter3-3.1.2.tgz"
  "version" "3.1.2"

"fs.realpath@^1.0.0":
  "integrity" "sha1-FQStJSMVjKpA20onh8sBQRmU6k8="
  "resolved" "https://registry.npmjs.org/fs.realpath/-/fs.realpath-1.0.0.tgz"
  "version" "1.0.0"

"function-bind@^1.1.1":
  "integrity" "sha512-yIovAzMX49sF8Yl58fSCWJ5svSLuaibPxXQJFLmBObTuCr0Mf1KiPopGM9NiFjiYBCbfaa2Fh6breQ6ANVTI0A=="
  "resolved" "https://registry.npmjs.org/function-bind/-/function-bind-1.1.1.tgz"
  "version" "1.1.1"

"glob@^7.1.3":
  "integrity" "sha512-lmLf6gtyrPq8tTjSmrO94wBeQbFR3HbLHbuyD69wuyQkImp2hWqMGB47OX65FBkPffO641IP9jWa1z4ivqG26Q=="
  "resolved" "https://registry.npmjs.org/glob/-/glob-7.2.0.tgz"
  "version" "7.2.0"
  dependencies:
    "fs.realpath" "^1.0.0"
    "inflight" "^1.0.4"
    "inherits" "2"
    "minimatch" "^3.0.4"
    "once" "^1.3.0"
    "path-is-absolute" "^1.0.0"

"graceful-fs@^4.1.3":
  "integrity" "sha512-qkIilPUYcNhJpd33n0GBXTB1MMPp14TxEsEs0pTrsSVucApsYzW5V+Q8Qxhik6KU3evy+qkAAowTByymK0avdg=="
  "resolved" "https://registry.npmjs.org/graceful-fs/-/graceful-fs-4.2.8.tgz"
  "version" "4.2.8"

"has@^1.0.3":
  "integrity" "sha512-f2dvO0VU6Oej7RkWJGrehjbzMAjFp5/VKPp5tTpWIV4JHHZK1/BxbFRtf/siA2SWTe09caDmVtYYzWEIbBS4zw=="
  "resolved" "https://registry.npmjs.org/has/-/has-1.0.3.tgz"
  "version" "1.0.3"
  dependencies:
    "function-bind" "^1.1.1"

"inflight@^1.0.4":
  "integrity" "sha1-Sb1jMdfQLQwJvJEKEHW6gWW1bfk="
  "resolved" "https://registry.npmjs.org/inflight/-/inflight-1.0.6.tgz"
  "version" "1.0.6"
  dependencies:
    "once" "^1.3.0"
    "wrappy" "1"

"inherits@2":
  "integrity" "sha512-k/vGaX4/Yla3WzyMCvTQOXYeIHvqOKtnqBduzTHpzpQZzAskKMhZ2K+EnBiSM9zGSoIFeMpXKxa4dYeZIQqewQ=="
  "resolved" "https://registry.npmjs.org/inherits/-/inherits-2.0.4.tgz"
  "version" "2.0.4"

"is-core-module@^2.2.0":
  "integrity" "sha512-ByY+tjCciCr+9nLryBYcSD50EOGWt95c7tIsKTG1J2ixKKXPvF7Ej3AVd+UfDydAJom3biBGDBALaO79ktwgEQ=="
  "resolved" "https://registry.npmjs.org/is-core-module/-/is-core-module-2.7.0.tgz"
  "version" "2.7.0"
  dependencies:
    "has" "^1.0.3"

"ismobilejs@^1.1.0":
  "integrity" "sha512-VaFW53yt8QO61k2WJui0dHf4SlL8lxBofUuUmwBo0ljPk0Drz2TiuDW4jo3wDcv41qy/SxrJ+VAzJ/qYqsmzRw=="
  "resolved" "https://registry.npmjs.org/ismobilejs/-/ismobilejs-1.1.1.tgz"
  "version" "1.1.1"

"kleur@^4.1.4":
  "integrity" "sha512-8QADVssbrFjivHWQU7KkMgptGTl6WAcSdlbBPY4uNF+mWr6DGcKrvY2w4FQJoXch7+fKMjj0dRrL75vk3k23OA=="
  "resolved" "https://registry.npmjs.org/kleur/-/kleur-4.1.4.tgz"
  "version" "4.1.4"

"magic-string@^0.25.7":
  "integrity" "sha512-4CrMT5DOHTDk4HYDlzmwu4FVCcIYI8gauveasrdCu2IKIFOJ3f0v/8MDGJCDL9oD2ppz/Av1b0Nj345H9M+XIA=="
  "resolved" "https://registry.npmjs.org/magic-string/-/magic-string-0.25.7.tgz"
  "version" "0.25.7"
  dependencies:
    "sourcemap-codec" "^1.4.4"

"min-indent@^1.0.0":
  "integrity" "sha512-I9jwMn07Sy/IwOj3zVkVik2JTvgpaykDZEigL6Rx6N9LbMywwUSMtxET+7lVoDLLd3O3IXwJwvuuns8UB/HeAg=="
  "resolved" "https://registry.npmjs.org/min-indent/-/min-indent-1.0.1.tgz"
  "version" "1.0.1"

"minimatch@^3.0.4":
  "integrity" "sha512-yJHVQEhyqPLUTgt9B83PXu6W3rx4MvvHvSUvToogpwoGDOUQ+yDrR0HRot+yOCdCO7u4hX3pWft6kWBBcqh0UA=="
  "resolved" "https://registry.npmjs.org/minimatch/-/minimatch-3.0.4.tgz"
  "version" "3.0.4"
  dependencies:
    "brace-expansion" "^1.1.7"

"minimist@^1.2.0", "minimist@^1.2.5":
  "integrity" "sha512-FM9nNUYrRBAELZQT3xeZQ7fmMOBg6nWNmJKTcgsJeaLstP/UODVpGsr5OhXhhXg6f+qtJ8uiZ+PUxkDWcgIXLw=="
  "resolved" "https://registry.npmjs.org/minimist/-/minimist-1.2.5.tgz"
  "version" "1.2.5"

"mkdirp@^0.5.1":
  "integrity" "sha512-NKmAlESf6jMGym1++R0Ra7wvhV+wFW63FaSOFPwRahvea0gMUcGUhVeAg/0BC0wiv9ih5NYPB1Wn1UEI1/L+xQ=="
  "resolved" "https://registry.npmjs.org/mkdirp/-/mkdirp-0.5.5.tgz"
  "version" "0.5.5"
  dependencies:
    "minimist" "^1.2.5"

"mri@^1.1.0":
  "integrity" "sha512-tzzskb3bG8LvYGFF/mDTpq3jpI6Q9wc3LEmBaghu+DdCssd1FakN7Bc0hVNmEyGq1bq3RgfkCb3cmQLpNPOroA=="
  "resolved" "https://registry.npmjs.org/mri/-/mri-1.2.0.tgz"
  "version" "1.2.0"

"ms@2.1.2":
  "integrity" "sha512-sGkPx+VjMtmA6MX27oA4FBFELFCZZ4S4XqeGOXCv68tT+jb3vk/RyaKWP0PTKyWtmLSM0b+adUTEvbs1PEaH2w=="
  "resolved" "https://registry.npmjs.org/ms/-/ms-2.1.2.tgz"
  "version" "2.1.2"

"nanoid@^3.1.28":
  "integrity" "sha512-dW2pUSGZ8ZnCFIlBIA31SV8huOGCHb6OwzVCc7A69rb/a+SgPBwfmLvK5TKQ3INPbRkcI8a/Owo0XbiTNH19wg=="
  "resolved" "https://registry.npmjs.org/nanoid/-/nanoid-3.1.29.tgz"
  "version" "3.1.29"

"object-assign@^4.1.1":
  "integrity" "sha1-IQmtx5ZYh8/AXLvUQsrIv7s2CGM="
  "resolved" "https://registry.npmjs.org/object-assign/-/object-assign-4.1.1.tgz"
  "version" "4.1.1"

"once@^1.3.0":
  "integrity" "sha1-WDsap3WWHUsROsF9nFC6753Xa9E="
  "resolved" "https://registry.npmjs.org/once/-/once-1.4.0.tgz"
  "version" "1.4.0"
  dependencies:
    "wrappy" "1"

"path-is-absolute@^1.0.0":
  "integrity" "sha1-F0uSaHNVNP+8es5r9TpanhtcX18="
  "resolved" "https://registry.npmjs.org/path-is-absolute/-/path-is-absolute-1.0.1.tgz"
  "version" "1.0.1"

"path-parse@^1.0.6":
  "integrity" "sha512-LDJzPVEEEPR+y48z93A0Ed0yXb8pAByGWo/k5YYdYgpY2/2EsOsksJrq7lOHxryrVOn1ejG6oAp8ahvOIQD8sw=="
  "resolved" "https://registry.npmjs.org/path-parse/-/path-parse-1.0.7.tgz"
  "version" "1.0.7"

"picocolors@^0.2.1":
  "integrity" "sha512-cMlDqaLEqfSaW8Z7N5Jw+lyIW869EzT73/F5lhtY9cLGoVxSXznfgfXMO0Z5K0o0Q2TkTXq+0KFsdnSe3jDViA=="
  "resolved" "https://registry.npmjs.org/picocolors/-/picocolors-0.2.1.tgz"
  "version" "0.2.1"

"picomatch@^2.2.2":
  "integrity" "sha512-lY1Q/PiJGC2zOv/z391WOTD+Z02bCgsFfvxoXXf6h7kv9o+WmsmzYqrAwY63sNgOxE4xEdq0WyUnXfKeBrSvYw=="
  "resolved" "https://registry.npmjs.org/picomatch/-/picomatch-2.3.0.tgz"
  "version" "2.3.0"

"pixi.js@^6.2.0":
  "integrity" "sha512-EJtbnN8N+w7MG89UICGrgC/+0KJojkNYSgVNwXG2UwP7k0k0AVOoy2b/0uRGllh6HI87ax5yDQe+NIjjhisFrA=="
  "resolved" "https://registry.npmjs.org/pixi.js/-/pixi.js-6.2.0.tgz"
  "version" "6.2.0"
  dependencies:
    "@pixi/accessibility" "6.2.0"
    "@pixi/app" "6.2.0"
    "@pixi/compressed-textures" "6.2.0"
    "@pixi/constants" "6.2.0"
    "@pixi/core" "6.2.0"
    "@pixi/display" "6.2.0"
    "@pixi/extract" "6.2.0"
    "@pixi/filter-alpha" "6.2.0"
    "@pixi/filter-blur" "6.2.0"
    "@pixi/filter-color-matrix" "6.2.0"
    "@pixi/filter-displacement" "6.2.0"
    "@pixi/filter-fxaa" "6.2.0"
    "@pixi/filter-noise" "6.2.0"
    "@pixi/graphics" "6.2.0"
    "@pixi/interaction" "6.2.0"
    "@pixi/loaders" "6.2.0"
    "@pixi/math" "6.2.0"
    "@pixi/mesh" "6.2.0"
    "@pixi/mesh-extras" "6.2.0"
    "@pixi/mixin-cache-as-bitmap" "6.2.0"
    "@pixi/mixin-get-child-by-name" "6.2.0"
    "@pixi/mixin-get-global-position" "6.2.0"
    "@pixi/particle-container" "6.2.0"
    "@pixi/polyfill" "6.2.0"
    "@pixi/prepare" "6.2.0"
    "@pixi/runner" "6.2.0"
    "@pixi/settings" "6.2.0"
    "@pixi/sprite" "6.2.0"
    "@pixi/sprite-animated" "6.2.0"
    "@pixi/sprite-tiling" "6.2.0"
    "@pixi/spritesheet" "6.2.0"
    "@pixi/text" "6.2.0"
    "@pixi/text-bitmap" "6.2.0"
    "@pixi/ticker" "6.2.0"
    "@pixi/utils" "6.2.0"

"postcss@^7 || ^8", "postcss@^8.3.8":
  "integrity" "sha512-f/ZFyAKh9Dnqytx5X62jgjhhzttjZS7hMsohcI7HEI5tjELX/HxCy3EFhsRxyzGvrzFF+82XPvCS8T9TFleVJw=="
  "resolved" "https://registry.npmjs.org/postcss/-/postcss-8.3.9.tgz"
  "version" "8.3.9"
  dependencies:
    "nanoid" "^3.1.28"
    "picocolors" "^0.2.1"
    "source-map-js" "^0.6.2"

"prettier-plugin-svelte@^2.3.1":
  "integrity" "sha512-JwJ9bOz4XHLQtiLnX4mTSSDUdhu12WH8sTwy/XTDCSyPlah6IcV7NWeYBZscPEcceu2YnW8Y9sJCP40Z2UH9GA=="
  "resolved" "https://registry.npmjs.org/prettier-plugin-svelte/-/prettier-plugin-svelte-2.4.0.tgz"
  "version" "2.4.0"

"prettier@^1.16.4 || ^2.0.0", "prettier@^2.3.2":
  "integrity" "sha512-9fbDAXSBcc6Bs1mZrDYb3XKzDLm4EXXL9sC1LqKP5rZkT6KRr/rf9amVUcODVXgguK/isJz0d0hP72WeaKWsvA=="
  "resolved" "https://registry.npmjs.org/prettier/-/prettier-2.4.1.tgz"
  "version" "2.4.1"

"promise-polyfill@^8.2.0":
  "integrity" "sha512-3p9zj0cEHbp7NVUxEYUWjQlffXqnXaZIMPkAO7HhFh8u5636xLRDHOUo2vpWSK0T2mqm6fKLXYn1KP6PAZ2gKg=="
  "resolved" "https://registry.npmjs.org/promise-polyfill/-/promise-polyfill-8.2.1.tgz"
  "version" "8.2.1"

"punycode@1.3.2":
  "integrity" "sha1-llOgNvt8HuQjQvIyXM7v6jkmxI0="
  "resolved" "https://registry.npmjs.org/punycode/-/punycode-1.3.2.tgz"
  "version" "1.3.2"

"querystring@0.2.0":
  "integrity" "sha1-sgmEkgO7Jd+CDadW50cAWHhSFiA="
  "resolved" "https://registry.npmjs.org/querystring/-/querystring-0.2.0.tgz"
  "version" "0.2.0"

"require-relative@^0.8.7":
  "integrity" "sha1-eZlTn8ngR6N5KPoZb44VY9q9Nt4="
  "resolved" "https://registry.npmjs.org/require-relative/-/require-relative-0.8.7.tgz"
  "version" "0.8.7"

"resolve@^1.20.0":
  "integrity" "sha512-wENBPt4ySzg4ybFQW2TT1zMQucPK95HSh/nq2CFTZVOGut2+pQvSsgtda4d26YrYcr067wjbmzOG8byDPBX63A=="
  "resolved" "https://registry.npmjs.org/resolve/-/resolve-1.20.0.tgz"
  "version" "1.20.0"
  dependencies:
    "is-core-module" "^2.2.0"
    "path-parse" "^1.0.6"

"rimraf@^2.5.2":
  "integrity" "sha512-uWjbaKIK3T1OSVptzX7Nl6PvQ3qAGtKEtVRjRuazjfL3Bx5eI409VZSqgND+4UNnmzLVdPj9FqFJNPqBZFve4w=="
  "resolved" "https://registry.npmjs.org/rimraf/-/rimraf-2.7.1.tgz"
  "version" "2.7.1"
  dependencies:
    "glob" "^7.1.3"

"rollup@^2.57.0":
  "integrity" "sha512-NOXpusKnaRpbS7ZVSzcEXqxcLDOagN6iFS8p45RkoiMqPHDLwJm758UF05KlMoCRbLBTZsPOIa887gZJ1AiXvw=="
  "resolved" "https://registry.npmjs.org/rollup/-/rollup-2.58.0.tgz"
  "version" "2.58.0"
  optionalDependencies:
    "fsevents" "~2.3.2"

"sade@^1.7.4":
  "integrity" "sha512-y5yauMD93rX840MwUJr7C1ysLFBgMspsdTo4UVrDg3fXDvtwOyIqykhVAAm6fk/3au77773itJStObgK+LKaiA=="
  "resolved" "https://registry.npmjs.org/sade/-/sade-1.7.4.tgz"
  "version" "1.7.4"
  dependencies:
    "mri" "^1.1.0"

"sander@^0.5.0":
  "integrity" "sha1-dB4kXiMfB8r7b98PEzrfohalAq0="
  "resolved" "https://registry.npmjs.org/sander/-/sander-0.5.1.tgz"
  "version" "0.5.1"
  dependencies:
    "es6-promise" "^3.1.2"
    "graceful-fs" "^4.1.3"
    "mkdirp" "^0.5.1"
    "rimraf" "^2.5.2"

"sorcery@^0.10.0":
  "integrity" "sha1-iukK19fLBfxZ8asMY3hF1cFaUrc="
  "resolved" "https://registry.npmjs.org/sorcery/-/sorcery-0.10.0.tgz"
  "version" "0.10.0"
  dependencies:
    "buffer-crc32" "^0.2.5"
    "minimist" "^1.2.0"
    "sander" "^0.5.0"
    "sourcemap-codec" "^1.3.0"

"source-map-js@^0.6.2":
  "integrity" "sha512-/3GptzWzu0+0MBQFrDKzw/DvvMTUORvgY6k6jd/VS6iCR4RDTKWH6v6WPwQoUO8667uQEf9Oe38DxAYWY5F/Ug=="
  "resolved" "https://registry.npmjs.org/source-map-js/-/source-map-js-0.6.2.tgz"
  "version" "0.6.2"

"sourcemap-codec@^1.3.0", "sourcemap-codec@^1.4.4":
  "integrity" "sha512-9NykojV5Uih4lgo5So5dtw+f0JgJX30KCNI8gwhz2J9A15wD0Ml6tjHKwf6fTSa6fAdVBdZeNOs9eJ71qCk8vA=="
  "resolved" "https://registry.npmjs.org/sourcemap-codec/-/sourcemap-codec-1.4.8.tgz"
  "version" "1.4.8"

"strip-indent@^3.0.0":
  "integrity" "sha512-laJTa3Jb+VQpaC6DseHhF7dXVqHTfJPCRDaEbid/drOhgitgYku/letMUqOXFoWV0zIIUbjpdH2t+tYj4bQMRQ=="
  "resolved" "https://registry.npmjs.org/strip-indent/-/strip-indent-3.0.0.tgz"
  "version" "3.0.0"
  dependencies:
    "min-indent" "^1.0.0"

"svelte-hmr@^0.14.7":
  "integrity" "sha512-pDrzgcWSoMaK6AJkBWkmgIsecW0GChxYZSZieIYfCP0v2oPyx2CYU/zm7TBIcjLVUPP714WxmViE9Thht4etog=="
  "resolved" "https://registry.npmjs.org/svelte-hmr/-/svelte-hmr-0.14.7.tgz"
  "version" "0.14.7"

"svelte-preprocess@^4.9.8":
  "integrity" "sha512-EQS/oRZzMtYdAprppZxY3HcysKh11w54MgA63ybtL+TAZ4hVqYOnhw41JVJjWN9dhPnNjjLzvbZ2tMhTsla1Og=="
  "resolved" "https://registry.npmjs.org/svelte-preprocess/-/svelte-preprocess-4.9.8.tgz"
  "version" "4.9.8"
  dependencies:
    "@types/pug" "^2.0.4"
    "@types/sass" "^1.16.0"
    "detect-indent" "^6.0.0"
    "magic-string" "^0.25.7"
    "sorcery" "^0.10.0"
    "strip-indent" "^3.0.0"

"svelte@^3.2.0", "svelte@^3.23.0", "svelte@^3.34.0", "svelte@^3.38.3", "svelte@^3.43.0", "svelte@>=3.19.0":
  "integrity" "sha512-nvPIaKx4HLzYlSdquISZpgG1Kqr2VAWQjZOt3Iwm3UhbqmA0LnSx4k1YpRMEhjQYW3ZCqQoK8Egto9tv4YewMA=="
  "resolved" "https://registry.npmjs.org/svelte/-/svelte-3.43.1.tgz"
  "version" "3.43.1"

"three@^0.133.1":
  "integrity" "sha512-WydohO8ll949B0FTD6MGz59Yv2Lwj8hvObg/0Heh2r42S6+tQC1WByfCNRdmG4D7+odfGod+n8JPV1I2xrboWw=="
  "resolved" "https://registry.npmjs.org/three/-/three-0.133.1.tgz"
  "version" "0.133.1"

"typescript@^3.9.5 || ^4.0.0", "typescript@^4.4.4":
  "integrity" "sha512-DqGhF5IKoBl8WNf8C1gu8q0xZSInh9j1kJJMqT3a94w1JzVaBU4EXOSMrz9yDqMT0xt3selp83fuFMQ0uzv6qA=="
  "resolved" "https://registry.npmjs.org/typescript/-/typescript-4.4.4.tgz"
  "version" "4.4.4"

"url@^0.11.0":
  "integrity" "sha1-ODjpfPxgUh63PFJajlW/3Z4uKPE="
  "resolved" "https://registry.npmjs.org/url/-/url-0.11.0.tgz"
  "version" "0.11.0"
  dependencies:
    "punycode" "1.3.2"
    "querystring" "0.2.0"

"vite@^2.6.0", "vite@^2.6.3":
  "integrity" "sha512-ewk//jve9k6vlU8PfJmWUHN8k0YYdw4VaKOMvoQ3nT2Pb6k5OSMKQi4jPOzVH/TlUqMsCrq7IJ80xcuDDVyigg=="
  "resolved" "https://registry.npmjs.org/vite/-/vite-2.6.7.tgz"
  "version" "2.6.7"
  dependencies:
    "esbuild" "^0.13.2"
    "postcss" "^8.3.8"
    "resolve" "^1.20.0"
    "rollup" "^2.57.0"
  optionalDependencies:
    "fsevents" "~2.3.2"

"wrappy@1":
  "integrity" "sha1-tSQ9jz7BqjXxNkYFvA0QNuMKtp8="
  "resolved" "https://registry.npmjs.org/wrappy/-/wrappy-1.0.2.tgz"
  "version" "1.0.2"
